// !$*UTF8*$!
{
	archiveVersion = 1;
	classes = {
	};
	objectVersion = 56;
	objects = {

/* Begin PBXBuildFile section */
		58C90D5B28E76D8A0079F928 /* CryptoPricesAppApp.swift in Sources */ = {isa = PBXBuildFile; fileRef = 58C90D5A28E76D8A0079F928 /* CryptoPricesAppApp.swift */; };
		58C90D5D28E76D8A0079F928 /* ContentView.swift in Sources */ = {isa = PBXBuildFile; fileRef = 58C90D5C28E76D8A0079F928 /* ContentView.swift */; };
		58C90D5F28E76D8C0079F928 /* Assets.xcassets in Resources */ = {isa = PBXBuildFile; fileRef = 58C90D5E28E76D8C0079F928 /* Assets.xcassets */; };
		58C90D6228E76D8C0079F928 /* Preview Assets.xcassets in Resources */ = {isa = PBXBuildFile; fileRef = 58C90D6128E76D8C0079F928 /* Preview Assets.xcassets */; };
		58C90D7228E79C540079F928 /* HomeView.swift in Sources */ = {isa = PBXBuildFile; fileRef = 58C90D7128E79C540079F928 /* HomeView.swift */; };
		58C90D7528E9F55F0079F928 /* TopMoversView.swift in Sources */ = {isa = PBXBuildFile; fileRef = 58C90D7428E9F55F0079F928 /* TopMoversView.swift */; };
		58C90D7728E9F57E0079F928 /* TopMoversItemView.swift in Sources */ = {isa = PBXBuildFile; fileRef = 58C90D7628E9F57E0079F928 /* TopMoversItemView.swift */; };
		58C90D7928EA02EA0079F928 /* AllCoinsView.swift in Sources */ = {isa = PBXBuildFile; fileRef = 58C90D7828EA02EA0079F928 /* AllCoinsView.swift */; };
		58C90D7B28EA02FC0079F928 /* RowCoinView.swift in Sources */ = {isa = PBXBuildFile; fileRef = 58C90D7A28EA02FC0079F928 /* RowCoinView.swift */; };
		58C90D7D28EA203E0079F928 /* HomeViewModel.swift in Sources */ = {isa = PBXBuildFile; fileRef = 58C90D7C28EA203E0079F928 /* HomeViewModel.swift */; };
		58C90D7F28EA30560079F928 /* Data.swift in Sources */ = {isa = PBXBuildFile; fileRef = 58C90D7E28EA30560079F928 /* Data.swift */; };
		58C90D8228EA41450079F928 /* Kingfisher in Frameworks */ = {isa = PBXBuildFile; productRef = 58C90D8128EA41450079F928 /* Kingfisher */; };
		58C90D8428EA43170079F928 /* Double.swift in Sources */ = {isa = PBXBuildFile; fileRef = 58C90D8328EA43170079F928 /* Double.swift */; };
/* End PBXBuildFile section */

/* Begin PBXFileReference section */
		58C90D5728E76D8A0079F928 /* CryptoPricesApp.app */ = {isa = PBXFileReference; explicitFileType = wrapper.application; includeInIndex = 0; path = CryptoPricesApp.app; sourceTree = BUILT_PRODUCTS_DIR; };
		58C90D5A28E76D8A0079F928 /* CryptoPricesAppApp.swift */ = {isa = PBXFileReference; lastKnownFileType = sourcecode.swift; path = CryptoPricesAppApp.swift; sourceTree = "<group>"; };
		58C90D5C28E76D8A0079F928 /* ContentView.swift */ = {isa = PBXFileReference; lastKnownFileType = sourcecode.swift; path = ContentView.swift; sourceTree = "<group>"; };
		58C90D5E28E76D8C0079F928 /* Assets.xcassets */ = {isa = PBXFileReference; lastKnownFileType = folder.assetcatalog; path = Assets.xcassets; sourceTree = "<group>"; };
		58C90D6128E76D8C0079F928 /* Preview Assets.xcassets */ = {isa = PBXFileReference; lastKnownFileType = folder.assetcatalog; path = "Preview Assets.xcassets"; sourceTree = "<group>"; };
		58C90D7128E79C540079F928 /* HomeView.swift */ = {isa = PBXFileReference; lastKnownFileType = sourcecode.swift; path = HomeView.swift; sourceTree = "<group>"; };
		58C90D7428E9F55F0079F928 /* TopMoversView.swift */ = {isa = PBXFileReference; lastKnownFileType = sourcecode.swift; path = TopMoversView.swift; sourceTree = "<group>"; };
		58C90D7628E9F57E0079F928 /* TopMoversItemView.swift */ = {isa = PBXFileReference; lastKnownFileType = sourcecode.swift; path = TopMoversItemView.swift; sourceTree = "<group>"; };
		58C90D7828EA02EA0079F928 /* AllCoinsView.swift */ = {isa = PBXFileReference; lastKnownFileType = sourcecode.swift; path = AllCoinsView.swift; sourceTree = "<group>"; };
		58C90D7A28EA02FC0079F928 /* RowCoinView.swift */ = {isa = PBXFileReference; lastKnownFileType = sourcecode.swift; path = RowCoinView.swift; sourceTree = "<group>"; };
		58C90D7C28EA203E0079F928 /* HomeViewModel.swift */ = {isa = PBXFileReference; lastKnownFileType = sourcecode.swift; path = HomeViewModel.swift; sourceTree = "<group>"; };
		58C90D7E28EA30560079F928 /* Data.swift */ = {isa = PBXFileReference; lastKnownFileType = sourcecode.swift; path = Data.swift; sourceTree = "<group>"; };
		58C90D8328EA43170079F928 /* Double.swift */ = {isa = PBXFileReference; lastKnownFileType = sourcecode.swift; path = Double.swift; sourceTree = "<group>"; };
/* End PBXFileReference section */

/* Begin PBXFrameworksBuildPhase section */
		58C90D5428E76D8A0079F928 /* Frameworks */ = {
			isa = PBXFrameworksBuildPhase;
			buildActionMask = 2147483647;
			files = (
				58C90D8228EA41450079F928 /* Kingfisher in Frameworks */,
			);
			runOnlyForDeploymentPostprocessing = 0;
		};
/* End PBXFrameworksBuildPhase section */

/* Begin PBXGroup section */
		58C90D4E28E76D8A0079F928 = {
			isa = PBXGroup;
			children = (
				58C90D5928E76D8A0079F928 /* CryptoPricesApp */,
				58C90D5828E76D8A0079F928 /* Products */,
			);
			sourceTree = "<group>";
		};
		58C90D5828E76D8A0079F928 /* Products */ = {
			isa = PBXGroup;
			children = (
				58C90D5728E76D8A0079F928 /* CryptoPricesApp.app */,
			);
			name = Products;
			sourceTree = "<group>";
		};
		58C90D5928E76D8A0079F928 /* CryptoPricesApp */ = {
			isa = PBXGroup;
			children = (
				58C90D6928E770100079F928 /* App */,
				58C90D6C28E7702C0079F928 /* Core */,
				58C90D6B28E770220079F928 /* Models */,
				58C90D6A28E770180079F928 /* Extensions */,
				58C90D6828E770030079F928 /* Utils */,
				58C90D5C28E76D8A0079F928 /* ContentView.swift */,
				58C90D5E28E76D8C0079F928 /* Assets.xcassets */,
				58C90D6028E76D8C0079F928 /* Preview Content */,
			);
			path = CryptoPricesApp;
			sourceTree = "<group>";
		};
		58C90D6028E76D8C0079F928 /* Preview Content */ = {
			isa = PBXGroup;
			children = (
				58C90D6128E76D8C0079F928 /* Preview Assets.xcassets */,
			);
			path = "Preview Content";
			sourceTree = "<group>";
		};
		58C90D6828E770030079F928 /* Utils */ = {
			isa = PBXGroup;
			children = (
			);
			path = Utils;
			sourceTree = "<group>";
		};
		58C90D6928E770100079F928 /* App */ = {
			isa = PBXGroup;
			children = (
				58C90D5A28E76D8A0079F928 /* CryptoPricesAppApp.swift */,
			);
			path = App;
			sourceTree = "<group>";
		};
		58C90D6A28E770180079F928 /* Extensions */ = {
			isa = PBXGroup;
			children = (
				58C90D8328EA43170079F928 /* Double.swift */,
			);
			path = Extensions;
			sourceTree = "<group>";
		};
		58C90D6B28E770220079F928 /* Models */ = {
			isa = PBXGroup;
			children = (
				58C90D7E28EA30560079F928 /* Data.swift */,
			);
			path = Models;
			sourceTree = "<group>";
		};
		58C90D6C28E7702C0079F928 /* Core */ = {
			isa = PBXGroup;
			children = (
				58C90D6D28E79BF00079F928 /* Home */,
			);
			path = Core;
			sourceTree = "<group>";
		};
		58C90D6D28E79BF00079F928 /* Home */ = {
			isa = PBXGroup;
			children = (
				58C90D7328E9F53A0079F928 /* ViewModels */,
				58C90D6E28E79C1D0079F928 /* Views */,
			);
			path = Home;
			sourceTree = "<group>";
		};
		58C90D6E28E79C1D0079F928 /* Views */ = {
			isa = PBXGroup;
			children = (
				58C90D7128E79C540079F928 /* HomeView.swift */,
				58C90D7428E9F55F0079F928 /* TopMoversView.swift */,
				58C90D7628E9F57E0079F928 /* TopMoversItemView.swift */,
				58C90D7828EA02EA0079F928 /* AllCoinsView.swift */,
				58C90D7A28EA02FC0079F928 /* RowCoinView.swift */,
			);
			path = Views;
			sourceTree = "<group>";
		};
		58C90D7328E9F53A0079F928 /* ViewModels */ = {
			isa = PBXGroup;
			children = (
				58C90D7C28EA203E0079F928 /* HomeViewModel.swift */,
			);
			path = ViewModels;
			sourceTree = "<group>";
		};
/* End PBXGroup section */

/* Begin PBXNativeTarget section */
		58C90D5628E76D8A0079F928 /* CryptoPricesApp */ = {
			isa = PBXNativeTarget;
			buildConfigurationList = 58C90D6528E76D8C0079F928 /* Build configuration list for PBXNativeTarget "CryptoPricesApp" */;
			buildPhases = (
				58C90D5328E76D8A0079F928 /* Sources */,
				58C90D5428E76D8A0079F928 /* Frameworks */,
				58C90D5528E76D8A0079F928 /* Resources */,
			);
			buildRules = (
			);
			dependencies = (
			);
			name = CryptoPricesApp;
			packageProductDependencies = (
				58C90D8128EA41450079F928 /* Kingfisher */,
			);
			productName = CryptoPricesApp;
			productReference = 58C90D5728E76D8A0079F928 /* CryptoPricesApp.app */;
			productType = "com.apple.product-type.application";
		};
/* End PBXNativeTarget section */

/* Begin PBXProject section */
		58C90D4F28E76D8A0079F928 /* Project object */ = {
			isa = PBXProject;
			attributes = {
				BuildIndependentTargetsInParallel = 1;
				LastSwiftUpdateCheck = 1400;
				LastUpgradeCheck = 1400;
				TargetAttributes = {
					58C90D5628E76D8A0079F928 = {
						CreatedOnToolsVersion = 14.0;
					};
				};
			};
			buildConfigurationList = 58C90D5228E76D8A0079F928 /* Build configuration list for PBXProject "CryptoPricesApp" */;
			compatibilityVersion = "Xcode 14.0";
			developmentRegion = en;
			hasScannedForEncodings = 0;
			knownRegions = (
				en,
				Base,
			);
			mainGroup = 58C90D4E28E76D8A0079F928;
			packageReferences = (
				58C90D8028EA41450079F928 /* XCRemoteSwiftPackageReference "Kingfisher" */,
			);
			productRefGroup = 58C90D5828E76D8A0079F928 /* Products */;
			projectDirPath = "";
			projectRoot = "";
			targets = (
				58C90D5628E76D8A0079F928 /* CryptoPricesApp */,
			);
		};
/* End PBXProject section */

/* Begin PBXResourcesBuildPhase section */
		58C90D5528E76D8A0079F928 /* Resources */ = {
			isa = PBXResourcesBuildPhase;
			buildActionMask = 2147483647;
			files = (
				58C90D6228E76D8C0079F928 /* Preview Assets.xcassets in Resources */,
				58C90D5F28E76D8C0079F928 /* Assets.xcassets in Resources */,
			);
			runOnlyForDeploymentPostprocessing = 0;
		};
/* End PBXResourcesBuildPhase section */

/* Begin PBXSourcesBuildPhase section */
		58C90D5328E76D8A0079F928 /* Sources */ = {
			isa = PBXSourcesBuildPhase;
			buildActionMask = 2147483647;
			files = (
				58C90D7528E9F55F0079F928 /* TopMoversView.swift in Sources */,
				58C90D7B28EA02FC0079F928 /* RowCoinView.swift in Sources */,
				58C90D7928EA02EA0079F928 /* AllCoinsView.swift in Sources */,
				58C90D7D28EA203E0079F928 /* HomeViewModel.swift in Sources */,
				58C90D7228E79C540079F928 /* HomeView.swift in Sources */,
				58C90D5D28E76D8A0079F928 /* ContentView.swift in Sources */,
				58C90D5B28E76D8A0079F928 /* CryptoPricesAppApp.swift in Sources */,
				58C90D7F28EA30560079F928 /* Data.swift in Sources */,
				58C90D8428EA43170079F928 /* Double.swift in Sources */,
				58C90D7728E9F57E0079F928 /* TopMoversItemView.swift in Sources */,
			);
			runOnlyForDeploymentPostprocessing = 0;
		};
/* End PBXSourcesBuildPhase section */

/* Begin XCBuildConfiguration section */
		58C90D6328E76D8C0079F928 /* Debug */ = {
			isa = XCBuildConfiguration;
			buildSettings = {
				ALWAYS_SEARCH_USER_PATHS = NO;
				CLANG_ANALYZER_NONNULL = YES;
				CLANG_ANALYZER_NUMBER_OBJECT_CONVERSION = YES_AGGRESSIVE;
				CLANG_CXX_LANGUAGE_STANDARD = "gnu++20";
				CLANG_ENABLE_MODULES = YES;
				CLANG_ENABLE_OBJC_ARC = YES;
				CLANG_ENABLE_OBJC_WEAK = YES;
				CLANG_WARN_BLOCK_CAPTURE_AUTORELEASING = YES;
				CLANG_WARN_BOOL_CONVERSION = YES;
				CLANG_WARN_COMMA = YES;
				CLANG_WARN_CONSTANT_CONVERSION = YES;
				CLANG_WARN_DEPRECATED_OBJC_IMPLEMENTATIONS = YES;
				CLANG_WARN_DIRECT_OBJC_ISA_USAGE = YES_ERROR;
				CLANG_WARN_DOCUMENTATION_COMMENTS = YES;
				CLANG_WARN_EMPTY_BODY = YES;
				CLANG_WARN_ENUM_CONVERSION = YES;
				CLANG_WARN_INFINITE_RECURSION = YES;
				CLANG_WARN_INT_CONVERSION = YES;
				CLANG_WARN_NON_LITERAL_NULL_CONVERSION = YES;
				CLANG_WARN_OBJC_IMPLICIT_RETAIN_SELF = YES;
				CLANG_WARN_OBJC_LITERAL_CONVERSION = YES;
				CLANG_WARN_OBJC_ROOT_CLASS = YES_ERROR;
				CLANG_WARN_QUOTED_INCLUDE_IN_FRAMEWORK_HEADER = YES;
				CLANG_WARN_RANGE_LOOP_ANALYSIS = YES;
				CLANG_WARN_STRICT_PROTOTYPES = YES;
				CLANG_WARN_SUSPICIOUS_MOVE = YES;
				CLANG_WARN_UNGUARDED_AVAILABILITY = YES_AGGRESSIVE;
				CLANG_WARN_UNREACHABLE_CODE = YES;
				CLANG_WARN__DUPLICATE_METHOD_MATCH = YES;
				COPY_PHASE_STRIP = NO;
				DEBUG_INFORMATION_FORMAT = dwarf;
				ENABLE_STRICT_OBJC_MSGSEND = YES;
				ENABLE_TESTABILITY = YES;
				GCC_C_LANGUAGE_STANDARD = gnu11;
				GCC_DYNAMIC_NO_PIC = NO;
				GCC_NO_COMMON_BLOCKS = YES;
				GCC_OPTIMIZATION_LEVEL = 0;
				GCC_PREPROCESSOR_DEFINITIONS = (
					"DEBUG=1",
					"$(inherited)",
				);
				GCC_WARN_64_TO_32_BIT_CONVERSION = YES;
				GCC_WARN_ABOUT_RETURN_TYPE = YES_ERROR;
				GCC_WARN_UNDECLARED_SELECTOR = YES;
				GCC_WARN_UNINITIALIZED_AUTOS = YES_AGGRESSIVE;
				GCC_WARN_UNUSED_FUNCTION = YES;
				GCC_WARN_UNUSED_VARIABLE = YES;
				IPHONEOS_DEPLOYMENT_TARGET = 16.0;
				MTL_ENABLE_DEBUG_INFO = INCLUDE_SOURCE;
				MTL_FAST_MATH = YES;
				ONLY_ACTIVE_ARCH = YES;
				SDKROOT = iphoneos;
				SWIFT_ACTIVE_COMPILATION_CONDITIONS = DEBUG;
				SWIFT_OPTIMIZATION_LEVEL = "-Onone";
			};
			name = Debug;
		};
		58C90D6428E76D8C0079F928 /* Release */ = {
			isa = XCBuildConfiguration;
			buildSettings = {
				ALWAYS_SEARCH_USER_PATHS = NO;
				CLANG_ANALYZER_NONNULL = YES;
				CLANG_ANALYZER_NUMBER_OBJECT_CONVERSION = YES_AGGRESSIVE;
				CLANG_CXX_LANGUAGE_STANDARD = "gnu++20";
				CLANG_ENABLE_MODULES = YES;
				CLANG_ENABLE_OBJC_ARC = YES;
				CLANG_ENABLE_OBJC_WEAK = YES;
				CLANG_WARN_BLOCK_CAPTURE_AUTORELEASING = YES;
				CLANG_WARN_BOOL_CONVERSION = YES;
				CLANG_WARN_COMMA = YES;
				CLANG_WARN_CONSTANT_CONVERSION = YES;
				CLANG_WARN_DEPRECATED_OBJC_IMPLEMENTATIONS = YES;
				CLANG_WARN_DIRECT_OBJC_ISA_USAGE = YES_ERROR;
				CLANG_WARN_DOCUMENTATION_COMMENTS = YES;
				CLANG_WARN_EMPTY_BODY = YES;
				CLANG_WARN_ENUM_CONVERSION = YES;
				CLANG_WARN_INFINITE_RECURSION = YES;
				CLANG_WARN_INT_CONVERSION = YES;
				CLANG_WARN_NON_LITERAL_NULL_CONVERSION = YES;
				CLANG_WARN_OBJC_IMPLICIT_RETAIN_SELF = YES;
				CLANG_WARN_OBJC_LITERAL_CONVERSION = YES;
				CLANG_WARN_OBJC_ROOT_CLASS = YES_ERROR;
				CLANG_WARN_QUOTED_INCLUDE_IN_FRAMEWORK_HEADER = YES;
				CLANG_WARN_RANGE_LOOP_ANALYSIS = YES;
				CLANG_WARN_STRICT_PROTOTYPES = YES;
				CLANG_WARN_SUSPICIOUS_MOVE = YES;
				CLANG_WARN_UNGUARDED_AVAILABILITY = YES_AGGRESSIVE;
				CLANG_WARN_UNREACHABLE_CODE = YES;
				CLANG_WARN__DUPLICATE_METHOD_MATCH = YES;
				COPY_PHASE_STRIP = NO;
				DEBUG_INFORMATION_FORMAT = "dwarf-with-dsym";
				ENABLE_NS_ASSERTIONS = NO;
				ENABLE_STRICT_OBJC_MSGSEND = YES;
				GCC_C_LANGUAGE_STANDARD = gnu11;
				GCC_NO_COMMON_BLOCKS = YES;
				GCC_WARN_64_TO_32_BIT_CONVERSION = YES;
				GCC_WARN_ABOUT_RETURN_TYPE = YES_ERROR;
				GCC_WARN_UNDECLARED_SELECTOR = YES;
				GCC_WARN_UNINITIALIZED_AUTOS = YES_AGGRESSIVE;
				GCC_WARN_UNUSED_FUNCTION = YES;
				GCC_WARN_UNUSED_VARIABLE = YES;
				IPHONEOS_DEPLOYMENT_TARGET = 16.0;
				MTL_ENABLE_DEBUG_INFO = NO;
				MTL_FAST_MATH = YES;
				SDKROOT = iphoneos;
				SWIFT_COMPILATION_MODE = wholemodule;
				SWIFT_OPTIMIZATION_LEVEL = "-O";
				VALIDATE_PRODUCT = YES;
			};
			name = Release;
		};
		58C90D6628E76D8C0079F928 /* Debug */ = {
			isa = XCBuildConfiguration;
			buildSettings = {
				ASSETCATALOG_COMPILER_APPICON_NAME = AppIcon;
				ASSETCATALOG_COMPILER_GLOBAL_ACCENT_COLOR_NAME = AccentColor;
				CODE_SIGN_STYLE = Automatic;
				CURRENT_PROJECT_VERSION = 1;
				DEVELOPMENT_ASSET_PATHS = "\"CryptoPricesApp/Preview Content\"";
				DEVELOPMENT_TEAM = L5N89ZQYBM;
				ENABLE_PREVIEWS = YES;
				GENERATE_INFOPLIST_FILE = YES;
				INFOPLIST_KEY_UIApplicationSceneManifest_Generation = YES;
				INFOPLIST_KEY_UIApplicationSupportsIndirectInputEvents = YES;
				INFOPLIST_KEY_UILaunchScreen_Generation = YES;
				INFOPLIST_KEY_UISupportedInterfaceOrientations_iPad = "UIInterfaceOrientationPortrait UIInterfaceOrientationPortraitUpsideDown UIInterfaceOrientationLandscapeLeft UIInterfaceOrientationLandscapeRight";
				INFOPLIST_KEY_UISupportedInterfaceOrientations_iPhone = "UIInterfaceOrientationPortrait UIInterfaceOrientationLandscapeLeft UIInterfaceOrientationLandscapeRight";
				LD_RUNPATH_SEARCH_PATHS = (
					"$(inherited)",
					"@executable_path/Frameworks",
				);
				MARKETING_VERSION = 1.0;
				PRODUCT_BUNDLE_IDENTIFIER = vk.com.south.russian.CryptoPricesApp;
				PRODUCT_NAME = "$(TARGET_NAME)";
				SWIFT_EMIT_LOC_STRINGS = YES;
				SWIFT_VERSION = 5.0;
				TARGETED_DEVICE_FAMILY = "1,2";
			};
			name = Debug;
		};
		58C90D6728E76D8C0079F928 /* Release */ = {
			isa = XCBuildConfiguration;
			buildSettings = {
				ASSETCATALOG_COMPILER_APPICON_NAME = AppIcon;
				ASSETCATALOG_COMPILER_GLOBAL_ACCENT_COLOR_NAME = AccentColor;
				CODE_SIGN_STYLE = Automatic;
				CURRENT_PROJECT_VERSION = 1;
				DEVELOPMENT_ASSET_PATHS = "\"CryptoPricesApp/Preview Content\"";
				DEVELOPMENT_TEAM = L5N89ZQYBM;
				ENABLE_PREVIEWS = YES;
				GENERATE_INFOPLIST_FILE = YES;
				INFOPLIST_KEY_UIApplicationSceneManifest_Generation = YES;
				INFOPLIST_KEY_UIApplicationSupportsIndirectInputEvents = YES;
				INFOPLIST_KEY_UILaunchScreen_Generation = YES;
				INFOPLIST_KEY_UISupportedInterfaceOrientations_iPad = "UIInterfaceOrientationPortrait UIInterfaceOrientationPortraitUpsideDown UIInterfaceOrientationLandscapeLeft UIInterfaceOrientationLandscapeRight";
				INFOPLIST_KEY_UISupportedInterfaceOrientations_iPhone = "UIInterfaceOrientationPortrait UIInterfaceOrientationLandscapeLeft UIInterfaceOrientationLandscapeRight";
				LD_RUNPATH_SEARCH_PATHS = (
					"$(inherited)",
					"@executable_path/Frameworks",
				);
				MARKETING_VERSION = 1.0;
				PRODUCT_BUNDLE_IDENTIFIER = vk.com.south.russian.CryptoPricesApp;
				PRODUCT_NAME = "$(TARGET_NAME)";
				SWIFT_EMIT_LOC_STRINGS = YES;
				SWIFT_VERSION = 5.0;
				TARGETED_DEVICE_FAMILY = "1,2";
			};
			name = Release;
		};
/* End XCBuildConfiguration section */

/* Begin XCConfigurationList section */
		58C90D5228E76D8A0079F928 /* Build configuration list for PBXProject "CryptoPricesApp" */ = {
			isa = XCConfigurationList;
			buildConfigurations = (
				58C90D6328E76D8C0079F928 /* Debug */,
				58C90D6428E76D8C0079F928 /* Release */,
			);
			defaultConfigurationIsVisible = 0;
			defaultConfigurationName = Release;
		};
		58C90D6528E76D8C0079F928 /* Build configuration list for PBXNativeTarget "CryptoPricesApp" */ = {
			isa = XCConfigurationList;
			buildConfigurations = (
				58C90D6628E76D8C0079F928 /* Debug */,
				58C90D6728E76D8C0079F928 /* Release */,
			);
			defaultConfigurationIsVisible = 0;
			defaultConfigurationName = Release;
		};
/* End XCConfigurationList section */

/* Begin XCRemoteSwiftPackageReference section */
		58C90D8028EA41450079F928 /* XCRemoteSwiftPackageReference "Kingfisher" */ = {
			isa = XCRemoteSwiftPackageReference;
			repositoryURL = "https://github.com/onevcat/Kingfisher.git";
			requirement = {
				kind = upToNextMajorVersion;
				minimumVersion = 7.0.0;
			};
		};
/* End XCRemoteSwiftPackageReference section */

/* Begin XCSwiftPackageProductDependency section */
		58C90D8128EA41450079F928 /* Kingfisher */ = {
			isa = XCSwiftPackageProductDependency;
			package = 58C90D8028EA41450079F928 /* XCRemoteSwiftPackageReference "Kingfisher" */;
			productName = Kingfisher;
		};
/* End XCSwiftPackageProductDependency section */
	};
	rootObject = 58C90D4F28E76D8A0079F928 /* Project object */;
}
